{
  "name": "@abazidou/test-gh-packages",
  "version": "1.0.0",
  "lockfileVersion": 3,
  "requires": true,
  "packages": {
    "": {
      "name": "@abazidou/test-gh-packages",
      "version": "1.0.0",
      "license": "ISC",
      "dependencies": {
        "@abazidou/test-gh-packages": "1.0.0"
      }
    },
    "node_modules/@abazidou/test-gh-packages": {
      "version": "1.0.0",
      "resolved": "https://npm.pkg.github.com/download/@abazidou/test-gh-packages/1.0.0/a8eb3e7210c3c666216651febefabb739c8f3157",
      "integrity": "sha512-dbyBkmZvuKQZYJkSU3aSShuRPO7BxkruEsh9OcDPRQCqs7zYdmZ7OCSmnblX26hpLZaWO+6AglawOwyeWoQKqA=="
    }
  }
}
